// !$*UTF8*$!
{
	archiveVersion = 1;
	classes = {
	};
	objectVersion = 56;
	objects = {

/* Begin PBXBuildFile section */
		7B5AA2072B15FBF80052237D /* AppDelegate.swift in Sources */ = {isa = PBXBuildFile; fileRef = 7B5AA2062B15FBF80052237D /* AppDelegate.swift */; };
		7B5AA2092B15FBF80052237D /* SceneDelegate.swift in Sources */ = {isa = PBXBuildFile; fileRef = 7B5AA2082B15FBF80052237D /* SceneDelegate.swift */; };
		7B5AA20B2B15FBF80052237D /* HomeViewController.swift in Sources */ = {isa = PBXBuildFile; fileRef = 7B5AA20A2B15FBF80052237D /* HomeViewController.swift */; };
		7B5AA2102B15FBF90052237D /* Assets.xcassets in Resources */ = {isa = PBXBuildFile; fileRef = 7B5AA20F2B15FBF90052237D /* Assets.xcassets */; };
		7B5AA2132B15FBF90052237D /* LaunchScreen.storyboard in Resources */ = {isa = PBXBuildFile; fileRef = 7B5AA2112B15FBF90052237D /* LaunchScreen.storyboard */; };
		7B5AA21E2B15FDF20052237D /* TabBarController.swift in Sources */ = {isa = PBXBuildFile; fileRef = 7B5AA21D2B15FDF20052237D /* TabBarController.swift */; };
		7B5AA2202B1600AB0052237D /* ProfileViewController.swift in Sources */ = {isa = PBXBuildFile; fileRef = 7B5AA21F2B1600AB0052237D /* ProfileViewController.swift */; };
		7B5AA2282B1607830052237D /* UIColor + Extensions.swift in Sources */ = {isa = PBXBuildFile; fileRef = 7B5AA2272B1607830052237D /* UIColor + Extensions.swift */; };
		7B5AA22A2B1609EE0052237D /* UIFont + Extensions.swift in Sources */ = {isa = PBXBuildFile; fileRef = 7B5AA2292B1609EE0052237D /* UIFont + Extensions.swift */; };
		7B5AA23C2B160AAA0052237D /* SourceSans3-ExtraLightItalic.ttf in Resources */ = {isa = PBXBuildFile; fileRef = 7B5AA22C2B160AAA0052237D /* SourceSans3-ExtraLightItalic.ttf */; };
		7B5AA23D2B160AAA0052237D /* SourceSans3-Light.ttf in Resources */ = {isa = PBXBuildFile; fileRef = 7B5AA22D2B160AAA0052237D /* SourceSans3-Light.ttf */; };
		7B5AA23E2B160AAA0052237D /* SourceSans3-SemiBoldItalic.ttf in Resources */ = {isa = PBXBuildFile; fileRef = 7B5AA22E2B160AAA0052237D /* SourceSans3-SemiBoldItalic.ttf */; };
		7B5AA23F2B160AAA0052237D /* SourceSans3-MediumItalic.ttf in Resources */ = {isa = PBXBuildFile; fileRef = 7B5AA22F2B160AAA0052237D /* SourceSans3-MediumItalic.ttf */; };
		7B5AA2402B160AAA0052237D /* SourceSans3-SemiBold.ttf in Resources */ = {isa = PBXBuildFile; fileRef = 7B5AA2302B160AAA0052237D /* SourceSans3-SemiBold.ttf */; };
		7B5AA2412B160AAA0052237D /* SourceSans3-BoldItalic.ttf in Resources */ = {isa = PBXBuildFile; fileRef = 7B5AA2312B160AAA0052237D /* SourceSans3-BoldItalic.ttf */; };
		7B5AA2422B160AAA0052237D /* SourceSans3-Italic.ttf in Resources */ = {isa = PBXBuildFile; fileRef = 7B5AA2322B160AAA0052237D /* SourceSans3-Italic.ttf */; };
		7B5AA2432B160AAA0052237D /* SourceSans3-ExtraBold.ttf in Resources */ = {isa = PBXBuildFile; fileRef = 7B5AA2332B160AAA0052237D /* SourceSans3-ExtraBold.ttf */; };
		7B5AA2442B160AAA0052237D /* SourceSans3-Black.ttf in Resources */ = {isa = PBXBuildFile; fileRef = 7B5AA2342B160AAA0052237D /* SourceSans3-Black.ttf */; };
		7B5AA2452B160AAA0052237D /* SourceSans3-Medium.ttf in Resources */ = {isa = PBXBuildFile; fileRef = 7B5AA2352B160AAA0052237D /* SourceSans3-Medium.ttf */; };
		7B5AA2462B160AAA0052237D /* SourceSans3-Bold.ttf in Resources */ = {isa = PBXBuildFile; fileRef = 7B5AA2362B160AAA0052237D /* SourceSans3-Bold.ttf */; };
		7B5AA2472B160AAA0052237D /* SourceSans3-Regular.ttf in Resources */ = {isa = PBXBuildFile; fileRef = 7B5AA2372B160AAA0052237D /* SourceSans3-Regular.ttf */; };
		7B5AA2482B160AAA0052237D /* SourceSans3-ExtraLight.ttf in Resources */ = {isa = PBXBuildFile; fileRef = 7B5AA2382B160AAA0052237D /* SourceSans3-ExtraLight.ttf */; };
		7B5AA2492B160AAA0052237D /* SourceSans3-LightItalic.ttf in Resources */ = {isa = PBXBuildFile; fileRef = 7B5AA2392B160AAA0052237D /* SourceSans3-LightItalic.ttf */; };
		7B5AA24A2B160AAA0052237D /* SourceSans3-BlackItalic.ttf in Resources */ = {isa = PBXBuildFile; fileRef = 7B5AA23A2B160AAA0052237D /* SourceSans3-BlackItalic.ttf */; };
		7B5AA24B2B160AAA0052237D /* SourceSans3-ExtraBoldItalic.ttf in Resources */ = {isa = PBXBuildFile; fileRef = 7B5AA23B2B160AAA0052237D /* SourceSans3-ExtraBoldItalic.ttf */; };
		7B5AA2772B167FD60052237D /* UserInfoView.swift in Sources */ = {isa = PBXBuildFile; fileRef = 7B5AA2762B167FD60052237D /* UserInfoView.swift */; };
		7B5AA27C2B17B4280052237D /* UIView + Extensions.swift in Sources */ = {isa = PBXBuildFile; fileRef = 7B5AA27B2B17B4280052237D /* UIView + Extensions.swift */; };
		7B5AA27E2B17B47F0052237D /* UIStackView + Extensions.swift in Sources */ = {isa = PBXBuildFile; fileRef = 7B5AA27D2B17B47F0052237D /* UIStackView + Extensions.swift */; };
		7B5AA2822B18DF300052237D /* ImageCollectionViewCell.swift in Sources */ = {isa = PBXBuildFile; fileRef = 7B5AA2812B18DF300052237D /* ImageCollectionViewCell.swift */; };
		7BB651CA2B1CDB3C003DB863 /* Icons.swift in Sources */ = {isa = PBXBuildFile; fileRef = 7BB651C92B1CDB3C003DB863 /* Icons.swift */; };
		7BB651CF2B1CE1A6003DB863 /* ProfilePresenter.swift in Sources */ = {isa = PBXBuildFile; fileRef = 7BB651CE2B1CE1A6003DB863 /* ProfilePresenter.swift */; };
		8407C9522B17139200808DA4 /* SettingsViewController.swift in Sources */ = {isa = PBXBuildFile; fileRef = 8407C9512B17139200808DA4 /* SettingsViewController.swift */; };
		8407C9552B1716A100808DA4 /* SnapKit in Frameworks */ = {isa = PBXBuildFile; productRef = 8407C9542B1716A100808DA4 /* SnapKit */; };
		8407C9572B1716A100808DA4 /* SnapKit-Dynamic in Frameworks */ = {isa = PBXBuildFile; productRef = 8407C9562B1716A100808DA4 /* SnapKit-Dynamic */; };
		8407C9592B172ABD00808DA4 /* SettingsOptionsTableCell.swift in Sources */ = {isa = PBXBuildFile; fileRef = 8407C9582B172ABD00808DA4 /* SettingsOptionsTableCell.swift */; };
		8407C95B2B17395B00808DA4 /* SettingsProfileTableCell.swift in Sources */ = {isa = PBXBuildFile; fileRef = 8407C95A2B17395B00808DA4 /* SettingsProfileTableCell.swift */; };
		8407C95D2B17BA8900808DA4 /* SettingsViewsContent.swift in Sources */ = {isa = PBXBuildFile; fileRef = 8407C95C2B17BA8900808DA4 /* SettingsViewsContent.swift */; };
		84598F662B1D09CE0062A64E /* HomePresenter.swift in Sources */ = {isa = PBXBuildFile; fileRef = 84598F652B1D09CE0062A64E /* HomePresenter.swift */; };
		84598F6A2B1D0AD10062A64E /* Builders.swift in Sources */ = {isa = PBXBuildFile; fileRef = 84598F692B1D0AD10062A64E /* Builders.swift */; };
		84598F6D2B1D218C0062A64E /* TextFieldWithPadding.swift in Sources */ = {isa = PBXBuildFile; fileRef = 84598F6C2B1D218C0062A64E /* TextFieldWithPadding.swift */; };
		84598F712B1D2D5A0062A64E /* GenreCell.swift in Sources */ = {isa = PBXBuildFile; fileRef = 84598F702B1D2D5A0062A64E /* GenreCell.swift */; };
		84936BBB2B18DEB90028BDF7 /* SettingsPresenter.swift in Sources */ = {isa = PBXBuildFile; fileRef = 84936BBA2B18DEB90028BDF7 /* SettingsPresenter.swift */; };
		84936BBF2B18F2A40028BDF7 /* LanguageViewController.swift in Sources */ = {isa = PBXBuildFile; fileRef = 84936BBE2B18F2A40028BDF7 /* LanguageViewController.swift */; };
		84936BC52B1919DF0028BDF7 /* HelpViewController.swift in Sources */ = {isa = PBXBuildFile; fileRef = 84936BC42B1919DF0028BDF7 /* HelpViewController.swift */; };
		84936BC72B1919F30028BDF7 /* AppSettingsViewController.swift in Sources */ = {isa = PBXBuildFile; fileRef = 84936BC62B1919F30028BDF7 /* AppSettingsViewController.swift */; };
		84936BC92B191A0C0028BDF7 /* InformationViewController.swift in Sources */ = {isa = PBXBuildFile; fileRef = 84936BC82B191A0C0028BDF7 /* InformationViewController.swift */; };
		84936BCC2B191A5A0028BDF7 /* NotificationsViewController.swift in Sources */ = {isa = PBXBuildFile; fileRef = 84936BCB2B191A5A0028BDF7 /* NotificationsViewController.swift */; };
/* End PBXBuildFile section */

/* Begin PBXFileReference section */
		7B5AA2032B15FBF80052237D /* Twinky.app */ = {isa = PBXFileReference; explicitFileType = wrapper.application; includeInIndex = 0; path = Twinky.app; sourceTree = BUILT_PRODUCTS_DIR; };
		7B5AA2062B15FBF80052237D /* AppDelegate.swift */ = {isa = PBXFileReference; lastKnownFileType = sourcecode.swift; path = AppDelegate.swift; sourceTree = "<group>"; };
		7B5AA2082B15FBF80052237D /* SceneDelegate.swift */ = {isa = PBXFileReference; lastKnownFileType = sourcecode.swift; path = SceneDelegate.swift; sourceTree = "<group>"; };
		7B5AA20A2B15FBF80052237D /* HomeViewController.swift */ = {isa = PBXFileReference; lastKnownFileType = sourcecode.swift; path = HomeViewController.swift; sourceTree = "<group>"; };
		7B5AA20F2B15FBF90052237D /* Assets.xcassets */ = {isa = PBXFileReference; lastKnownFileType = folder.assetcatalog; path = Assets.xcassets; sourceTree = "<group>"; };
		7B5AA2122B15FBF90052237D /* Base */ = {isa = PBXFileReference; lastKnownFileType = file.storyboard; name = Base; path = Base.lproj/LaunchScreen.storyboard; sourceTree = "<group>"; };
		7B5AA2142B15FBF90052237D /* Info.plist */ = {isa = PBXFileReference; lastKnownFileType = text.plist.xml; path = Info.plist; sourceTree = "<group>"; };
		7B5AA21D2B15FDF20052237D /* TabBarController.swift */ = {isa = PBXFileReference; lastKnownFileType = sourcecode.swift; path = TabBarController.swift; sourceTree = "<group>"; };
		7B5AA21F2B1600AB0052237D /* ProfileViewController.swift */ = {isa = PBXFileReference; lastKnownFileType = sourcecode.swift; path = ProfileViewController.swift; sourceTree = "<group>"; };
		7B5AA2272B1607830052237D /* UIColor + Extensions.swift */ = {isa = PBXFileReference; lastKnownFileType = sourcecode.swift; path = "UIColor + Extensions.swift"; sourceTree = "<group>"; };
		7B5AA2292B1609EE0052237D /* UIFont + Extensions.swift */ = {isa = PBXFileReference; lastKnownFileType = sourcecode.swift; path = "UIFont + Extensions.swift"; sourceTree = "<group>"; };
		7B5AA22C2B160AAA0052237D /* SourceSans3-ExtraLightItalic.ttf */ = {isa = PBXFileReference; lastKnownFileType = file; path = "SourceSans3-ExtraLightItalic.ttf"; sourceTree = "<group>"; };
		7B5AA22D2B160AAA0052237D /* SourceSans3-Light.ttf */ = {isa = PBXFileReference; lastKnownFileType = file; path = "SourceSans3-Light.ttf"; sourceTree = "<group>"; };
		7B5AA22E2B160AAA0052237D /* SourceSans3-SemiBoldItalic.ttf */ = {isa = PBXFileReference; lastKnownFileType = file; path = "SourceSans3-SemiBoldItalic.ttf"; sourceTree = "<group>"; };
		7B5AA22F2B160AAA0052237D /* SourceSans3-MediumItalic.ttf */ = {isa = PBXFileReference; lastKnownFileType = file; path = "SourceSans3-MediumItalic.ttf"; sourceTree = "<group>"; };
		7B5AA2302B160AAA0052237D /* SourceSans3-SemiBold.ttf */ = {isa = PBXFileReference; lastKnownFileType = file; path = "SourceSans3-SemiBold.ttf"; sourceTree = "<group>"; };
		7B5AA2312B160AAA0052237D /* SourceSans3-BoldItalic.ttf */ = {isa = PBXFileReference; lastKnownFileType = file; path = "SourceSans3-BoldItalic.ttf"; sourceTree = "<group>"; };
		7B5AA2322B160AAA0052237D /* SourceSans3-Italic.ttf */ = {isa = PBXFileReference; lastKnownFileType = file; path = "SourceSans3-Italic.ttf"; sourceTree = "<group>"; };
		7B5AA2332B160AAA0052237D /* SourceSans3-ExtraBold.ttf */ = {isa = PBXFileReference; lastKnownFileType = file; path = "SourceSans3-ExtraBold.ttf"; sourceTree = "<group>"; };
		7B5AA2342B160AAA0052237D /* SourceSans3-Black.ttf */ = {isa = PBXFileReference; lastKnownFileType = file; path = "SourceSans3-Black.ttf"; sourceTree = "<group>"; };
		7B5AA2352B160AAA0052237D /* SourceSans3-Medium.ttf */ = {isa = PBXFileReference; lastKnownFileType = file; path = "SourceSans3-Medium.ttf"; sourceTree = "<group>"; };
		7B5AA2362B160AAA0052237D /* SourceSans3-Bold.ttf */ = {isa = PBXFileReference; lastKnownFileType = file; path = "SourceSans3-Bold.ttf"; sourceTree = "<group>"; };
		7B5AA2372B160AAA0052237D /* SourceSans3-Regular.ttf */ = {isa = PBXFileReference; lastKnownFileType = file; path = "SourceSans3-Regular.ttf"; sourceTree = "<group>"; };
		7B5AA2382B160AAA0052237D /* SourceSans3-ExtraLight.ttf */ = {isa = PBXFileReference; lastKnownFileType = file; path = "SourceSans3-ExtraLight.ttf"; sourceTree = "<group>"; };
		7B5AA2392B160AAA0052237D /* SourceSans3-LightItalic.ttf */ = {isa = PBXFileReference; lastKnownFileType = file; path = "SourceSans3-LightItalic.ttf"; sourceTree = "<group>"; };
		7B5AA23A2B160AAA0052237D /* SourceSans3-BlackItalic.ttf */ = {isa = PBXFileReference; lastKnownFileType = file; path = "SourceSans3-BlackItalic.ttf"; sourceTree = "<group>"; };
		7B5AA23B2B160AAA0052237D /* SourceSans3-ExtraBoldItalic.ttf */ = {isa = PBXFileReference; lastKnownFileType = file; path = "SourceSans3-ExtraBoldItalic.ttf"; sourceTree = "<group>"; };
		7B5AA2762B167FD60052237D /* UserInfoView.swift */ = {isa = PBXFileReference; lastKnownFileType = sourcecode.swift; path = UserInfoView.swift; sourceTree = "<group>"; };
		7B5AA27B2B17B4280052237D /* UIView + Extensions.swift */ = {isa = PBXFileReference; lastKnownFileType = sourcecode.swift; path = "UIView + Extensions.swift"; sourceTree = "<group>"; };
		7B5AA27D2B17B47F0052237D /* UIStackView + Extensions.swift */ = {isa = PBXFileReference; lastKnownFileType = sourcecode.swift; path = "UIStackView + Extensions.swift"; sourceTree = "<group>"; };
		7B5AA2812B18DF300052237D /* ImageCollectionViewCell.swift */ = {isa = PBXFileReference; lastKnownFileType = sourcecode.swift; path = ImageCollectionViewCell.swift; sourceTree = "<group>"; };
		7BB651C92B1CDB3C003DB863 /* Icons.swift */ = {isa = PBXFileReference; lastKnownFileType = sourcecode.swift; path = Icons.swift; sourceTree = "<group>"; };
		7BB651CE2B1CE1A6003DB863 /* ProfilePresenter.swift */ = {isa = PBXFileReference; lastKnownFileType = sourcecode.swift; path = ProfilePresenter.swift; sourceTree = "<group>"; };
		8407C9512B17139200808DA4 /* SettingsViewController.swift */ = {isa = PBXFileReference; lastKnownFileType = sourcecode.swift; path = SettingsViewController.swift; sourceTree = "<group>"; };
		8407C9582B172ABD00808DA4 /* SettingsOptionsTableCell.swift */ = {isa = PBXFileReference; lastKnownFileType = sourcecode.swift; path = SettingsOptionsTableCell.swift; sourceTree = "<group>"; };
		8407C95A2B17395B00808DA4 /* SettingsProfileTableCell.swift */ = {isa = PBXFileReference; lastKnownFileType = sourcecode.swift; path = SettingsProfileTableCell.swift; sourceTree = "<group>"; };
		8407C95C2B17BA8900808DA4 /* SettingsViewsContent.swift */ = {isa = PBXFileReference; lastKnownFileType = sourcecode.swift; path = SettingsViewsContent.swift; sourceTree = "<group>"; };
		84598F652B1D09CE0062A64E /* HomePresenter.swift */ = {isa = PBXFileReference; lastKnownFileType = sourcecode.swift; path = HomePresenter.swift; sourceTree = "<group>"; };
		84598F692B1D0AD10062A64E /* Builders.swift */ = {isa = PBXFileReference; lastKnownFileType = sourcecode.swift; name = Builders.swift; path = Twinky/ViewControllers/HomeViewController/RootViewController/Builders.swift; sourceTree = SOURCE_ROOT; };
		84598F6C2B1D218C0062A64E /* TextFieldWithPadding.swift */ = {isa = PBXFileReference; lastKnownFileType = sourcecode.swift; path = TextFieldWithPadding.swift; sourceTree = "<group>"; };
		84598F702B1D2D5A0062A64E /* GenreCell.swift */ = {isa = PBXFileReference; lastKnownFileType = sourcecode.swift; path = GenreCell.swift; sourceTree = "<group>"; };
		84936BBA2B18DEB90028BDF7 /* SettingsPresenter.swift */ = {isa = PBXFileReference; lastKnownFileType = sourcecode.swift; path = SettingsPresenter.swift; sourceTree = "<group>"; };
		84936BBE2B18F2A40028BDF7 /* LanguageViewController.swift */ = {isa = PBXFileReference; lastKnownFileType = sourcecode.swift; path = LanguageViewController.swift; sourceTree = "<group>"; };
		84936BC42B1919DF0028BDF7 /* HelpViewController.swift */ = {isa = PBXFileReference; lastKnownFileType = sourcecode.swift; path = HelpViewController.swift; sourceTree = "<group>"; };
		84936BC62B1919F30028BDF7 /* AppSettingsViewController.swift */ = {isa = PBXFileReference; lastKnownFileType = sourcecode.swift; path = AppSettingsViewController.swift; sourceTree = "<group>"; };
		84936BC82B191A0C0028BDF7 /* InformationViewController.swift */ = {isa = PBXFileReference; lastKnownFileType = sourcecode.swift; path = InformationViewController.swift; sourceTree = "<group>"; };
		84936BCB2B191A5A0028BDF7 /* NotificationsViewController.swift */ = {isa = PBXFileReference; lastKnownFileType = sourcecode.swift; path = NotificationsViewController.swift; sourceTree = "<group>"; };
/* End PBXFileReference section */

/* Begin PBXFrameworksBuildPhase section */
		7B5AA2002B15FBF80052237D /* Frameworks */ = {
			isa = PBXFrameworksBuildPhase;
			buildActionMask = 2147483647;
			files = (
				8407C9552B1716A100808DA4 /* SnapKit in Frameworks */,
				8407C9572B1716A100808DA4 /* SnapKit-Dynamic in Frameworks */,
			);
			runOnlyForDeploymentPostprocessing = 0;
		};
/* End PBXFrameworksBuildPhase section */

/* Begin PBXGroup section */
		7B5AA1FA2B15FBF80052237D = {
			isa = PBXGroup;
			children = (
				7B5AA2052B15FBF80052237D /* Twinky */,
				7B5AA2042B15FBF80052237D /* Products */,
			);
			sourceTree = "<group>";
		};
		7B5AA2042B15FBF80052237D /* Products */ = {
			isa = PBXGroup;
			children = (
				7B5AA2032B15FBF80052237D /* Twinky.app */,
			);
			name = Products;
			sourceTree = "<group>";
		};
		7B5AA2052B15FBF80052237D /* Twinky */ = {
			isa = PBXGroup;
			children = (
				7B5AA2782B17AB210052237D /* Enums */,
				7B5AA2262B1607690052237D /* Extensions */,
				7B5AA2232B1605830052237D /* Models */,
				7B5AA21C2B15FD8F0052237D /* Navigation */,
				7B5AA21B2B15FD490052237D /* ViewControllers */,
				7B5AA21A2B15FD340052237D /* Resources */,
				7B5AA22B2B160A840052237D /* Fonts */,
				7B5AA2112B15FBF90052237D /* LaunchScreen.storyboard */,
				7B5AA2142B15FBF90052237D /* Info.plist */,
			);
			path = Twinky;
			sourceTree = "<group>";
		};
		7B5AA21A2B15FD340052237D /* Resources */ = {
			isa = PBXGroup;
			children = (
				7B5AA2062B15FBF80052237D /* AppDelegate.swift */,
				7B5AA2082B15FBF80052237D /* SceneDelegate.swift */,
				7B5AA20F2B15FBF90052237D /* Assets.xcassets */,
			);
			path = Resources;
			sourceTree = "<group>";
		};
		7B5AA21B2B15FD490052237D /* ViewControllers */ = {
			isa = PBXGroup;
			children = (
				8407C9502B17136B00808DA4 /* SettingsViewController */,
				7B5AA2222B1601B70052237D /* HomeViewController */,
				7B5AA2212B1600D80052237D /* ProfileViewController */,
			);
			path = ViewControllers;
			sourceTree = "<group>";
		};
		7B5AA21C2B15FD8F0052237D /* Navigation */ = {
			isa = PBXGroup;
			children = (
				7B5AA21D2B15FDF20052237D /* TabBarController.swift */,
			);
			path = Navigation;
			sourceTree = "<group>";
		};
		7B5AA2212B1600D80052237D /* ProfileViewController */ = {
			isa = PBXGroup;
			children = (
				7B5AA2752B167F910052237D /* CustomViews */,
				7BB651CB2B1CE0C3003DB863 /* RootViewController */,
			);
			path = ProfileViewController;
			sourceTree = "<group>";
		};
		7B5AA2222B1601B70052237D /* HomeViewController */ = {
			isa = PBXGroup;
			children = (
				84598F6B2B1D21510062A64E /* CustomViews */,
				84598F642B1D09980062A64E /* RootViewController */,
			);
			path = HomeViewController;
			sourceTree = "<group>";
		};
		7B5AA2232B1605830052237D /* Models */ = {
			isa = PBXGroup;
			children = (
				7BB651C92B1CDB3C003DB863 /* Icons.swift */,
			);
			path = Models;
			sourceTree = "<group>";
		};
		7B5AA2262B1607690052237D /* Extensions */ = {
			isa = PBXGroup;
			children = (
				7B5AA2272B1607830052237D /* UIColor + Extensions.swift */,
				7B5AA2292B1609EE0052237D /* UIFont + Extensions.swift */,
				7B5AA27B2B17B4280052237D /* UIView + Extensions.swift */,
				7B5AA27D2B17B47F0052237D /* UIStackView + Extensions.swift */,
			);
			path = Extensions;
			sourceTree = "<group>";
		};
		7B5AA22B2B160A840052237D /* Fonts */ = {
			isa = PBXGroup;
			children = (
				7B5AA2342B160AAA0052237D /* SourceSans3-Black.ttf */,
				7B5AA23A2B160AAA0052237D /* SourceSans3-BlackItalic.ttf */,
				7B5AA2362B160AAA0052237D /* SourceSans3-Bold.ttf */,
				7B5AA2312B160AAA0052237D /* SourceSans3-BoldItalic.ttf */,
				7B5AA2332B160AAA0052237D /* SourceSans3-ExtraBold.ttf */,
				7B5AA23B2B160AAA0052237D /* SourceSans3-ExtraBoldItalic.ttf */,
				7B5AA2382B160AAA0052237D /* SourceSans3-ExtraLight.ttf */,
				7B5AA22C2B160AAA0052237D /* SourceSans3-ExtraLightItalic.ttf */,
				7B5AA2322B160AAA0052237D /* SourceSans3-Italic.ttf */,
				7B5AA22D2B160AAA0052237D /* SourceSans3-Light.ttf */,
				7B5AA2392B160AAA0052237D /* SourceSans3-LightItalic.ttf */,
				7B5AA2352B160AAA0052237D /* SourceSans3-Medium.ttf */,
				7B5AA22F2B160AAA0052237D /* SourceSans3-MediumItalic.ttf */,
				7B5AA2372B160AAA0052237D /* SourceSans3-Regular.ttf */,
				7B5AA2302B160AAA0052237D /* SourceSans3-SemiBold.ttf */,
				7B5AA22E2B160AAA0052237D /* SourceSans3-SemiBoldItalic.ttf */,
			);
			path = Fonts;
			sourceTree = "<group>";
		};
		7B5AA2752B167F910052237D /* CustomViews */ = {
			isa = PBXGroup;
			children = (
				7B5AA2762B167FD60052237D /* UserInfoView.swift */,
				7B5AA2812B18DF300052237D /* ImageCollectionViewCell.swift */,
			);
			path = CustomViews;
			sourceTree = "<group>";
		};
		7B5AA2782B17AB210052237D /* Enums */ = {
			isa = PBXGroup;
			children = (
				84598F692B1D0AD10062A64E /* Builders.swift */,
			);
			path = Enums;
			sourceTree = "<group>";
		};
		7BB651CB2B1CE0C3003DB863 /* RootViewController */ = {
			isa = PBXGroup;
			children = (
				7B5AA21F2B1600AB0052237D /* ProfileViewController.swift */,
				7BB651CE2B1CE1A6003DB863 /* ProfilePresenter.swift */,
			);
			path = RootViewController;
			sourceTree = "<group>";
		};
		8407C9502B17136B00808DA4 /* SettingsViewController */ = {
			isa = PBXGroup;
			children = (
				84598F6E2B1D21A40062A64E /* CustomViews */,
				84936BCE2B191C7D0028BDF7 /* RootViewController */,
				84936BC02B18FA780028BDF7 /* InformationViewController */,
				84936BC22B18FB040028BDF7 /* LanguageViewController */,
				84936BCA2B191A340028BDF7 /* NotificationsViewController */,
				84936BC12B18FAD60028BDF7 /* AppSettingsViewController */,
				84936BC32B1919A50028BDF7 /* HelpAndSupportViewController */,
				8407C95E2B17C51500808DA4 /* Data */,
			);
			path = SettingsViewController;
			sourceTree = "<group>";
		};
		8407C95E2B17C51500808DA4 /* Data */ = {
			isa = PBXGroup;
			children = (
				8407C95C2B17BA8900808DA4 /* SettingsViewsContent.swift */,
			);
			path = Data;
			sourceTree = "<group>";
		};
		84598F642B1D09980062A64E /* RootViewController */ = {
			isa = PBXGroup;
			children = (
				7B5AA20A2B15FBF80052237D /* HomeViewController.swift */,
				84598F652B1D09CE0062A64E /* HomePresenter.swift */,
			);
			path = RootViewController;
			sourceTree = "<group>";
		};
		84598F6B2B1D21510062A64E /* CustomViews */ = {
			isa = PBXGroup;
			children = (
				84598F6F2B1D2D420062A64E /* Cells */,
				84598F6C2B1D218C0062A64E /* TextFieldWithPadding.swift */,
			);
			path = CustomViews;
			sourceTree = "<group>";
		};
		84598F6E2B1D21A40062A64E /* CustomViews */ = {
			isa = PBXGroup;
			children = (
				84936BCD2B191C360028BDF7 /* TablesCells */,
			);
			path = CustomViews;
			sourceTree = "<group>";
		};
		84598F6F2B1D2D420062A64E /* Cells */ = {
			isa = PBXGroup;
			children = (
				84598F702B1D2D5A0062A64E /* GenreCell.swift */,
			);
			path = Cells;
			sourceTree = "<group>";
		};
		84936BC02B18FA780028BDF7 /* InformationViewController */ = {
			isa = PBXGroup;
			children = (
				84936BC82B191A0C0028BDF7 /* InformationViewController.swift */,
			);
			path = InformationViewController;
			sourceTree = "<group>";
		};
		84936BC12B18FAD60028BDF7 /* AppSettingsViewController */ = {
			isa = PBXGroup;
			children = (
				84936BC62B1919F30028BDF7 /* AppSettingsViewController.swift */,
			);
			path = AppSettingsViewController;
			sourceTree = "<group>";
		};
		84936BC22B18FB040028BDF7 /* LanguageViewController */ = {
			isa = PBXGroup;
			children = (
				84936BBE2B18F2A40028BDF7 /* LanguageViewController.swift */,
			);
			path = LanguageViewController;
			sourceTree = "<group>";
		};
		84936BC32B1919A50028BDF7 /* HelpAndSupportViewController */ = {
			isa = PBXGroup;
			children = (
				84936BC42B1919DF0028BDF7 /* HelpViewController.swift */,
			);
			path = HelpAndSupportViewController;
			sourceTree = "<group>";
		};
		84936BCA2B191A340028BDF7 /* NotificationsViewController */ = {
			isa = PBXGroup;
			children = (
				84936BCB2B191A5A0028BDF7 /* NotificationsViewController.swift */,
			);
			path = NotificationsViewController;
			sourceTree = "<group>";
		};
		84936BCD2B191C360028BDF7 /* TablesCells */ = {
			isa = PBXGroup;
			children = (
				8407C95A2B17395B00808DA4 /* SettingsProfileTableCell.swift */,
				8407C9582B172ABD00808DA4 /* SettingsOptionsTableCell.swift */,
			);
			path = TablesCells;
			sourceTree = "<group>";
		};
		84936BCE2B191C7D0028BDF7 /* RootViewController */ = {
			isa = PBXGroup;
			children = (
				8407C9512B17139200808DA4 /* SettingsViewController.swift */,
				84936BBA2B18DEB90028BDF7 /* SettingsPresenter.swift */,
			);
			path = RootViewController;
			sourceTree = "<group>";
		};
/* End PBXGroup section */

/* Begin PBXNativeTarget section */
		7B5AA2022B15FBF80052237D /* Twinky */ = {
			isa = PBXNativeTarget;
			buildConfigurationList = 7B5AA2172B15FBF90052237D /* Build configuration list for PBXNativeTarget "Twinky" */;
			buildPhases = (
				7B5AA1FF2B15FBF80052237D /* Sources */,
				7B5AA2002B15FBF80052237D /* Frameworks */,
				7B5AA2012B15FBF80052237D /* Resources */,
			);
			buildRules = (
			);
			dependencies = (
			);
			name = Twinky;
			packageProductDependencies = (
				8407C9542B1716A100808DA4 /* SnapKit */,
				8407C9562B1716A100808DA4 /* SnapKit-Dynamic */,
			);
			productName = Twinky;
			productReference = 7B5AA2032B15FBF80052237D /* Twinky.app */;
			productType = "com.apple.product-type.application";
		};
/* End PBXNativeTarget section */

/* Begin PBXProject section */
		7B5AA1FB2B15FBF80052237D /* Project object */ = {
			isa = PBXProject;
			attributes = {
				BuildIndependentTargetsInParallel = 1;
				LastSwiftUpdateCheck = 1500;
				LastUpgradeCheck = 1500;
				TargetAttributes = {
					7B5AA2022B15FBF80052237D = {
						CreatedOnToolsVersion = 15.0;
					};
				};
			};
			buildConfigurationList = 7B5AA1FE2B15FBF80052237D /* Build configuration list for PBXProject "Twinky" */;
			compatibilityVersion = "Xcode 14.0";
			developmentRegion = en;
			hasScannedForEncodings = 0;
			knownRegions = (
				en,
				Base,
			);
			mainGroup = 7B5AA1FA2B15FBF80052237D;
			packageReferences = (
				8407C9532B1716A100808DA4 /* XCRemoteSwiftPackageReference "SnapKit" */,
			);
			productRefGroup = 7B5AA2042B15FBF80052237D /* Products */;
			projectDirPath = "";
			projectRoot = "";
			targets = (
				7B5AA2022B15FBF80052237D /* Twinky */,
			);
		};
/* End PBXProject section */

/* Begin PBXResourcesBuildPhase section */
		7B5AA2012B15FBF80052237D /* Resources */ = {
			isa = PBXResourcesBuildPhase;
			buildActionMask = 2147483647;
			files = (
				7B5AA23C2B160AAA0052237D /* SourceSans3-ExtraLightItalic.ttf in Resources */,
				7B5AA2402B160AAA0052237D /* SourceSans3-SemiBold.ttf in Resources */,
				7B5AA2412B160AAA0052237D /* SourceSans3-BoldItalic.ttf in Resources */,
				7B5AA24B2B160AAA0052237D /* SourceSans3-ExtraBoldItalic.ttf in Resources */,
				7B5AA2492B160AAA0052237D /* SourceSans3-LightItalic.ttf in Resources */,
				7B5AA24A2B160AAA0052237D /* SourceSans3-BlackItalic.ttf in Resources */,
				7B5AA2472B160AAA0052237D /* SourceSans3-Regular.ttf in Resources */,
				7B5AA2462B160AAA0052237D /* SourceSans3-Bold.ttf in Resources */,
				7B5AA2432B160AAA0052237D /* SourceSans3-ExtraBold.ttf in Resources */,
				7B5AA23F2B160AAA0052237D /* SourceSans3-MediumItalic.ttf in Resources */,
				7B5AA2132B15FBF90052237D /* LaunchScreen.storyboard in Resources */,
				7B5AA2482B160AAA0052237D /* SourceSans3-ExtraLight.ttf in Resources */,
				7B5AA2102B15FBF90052237D /* Assets.xcassets in Resources */,
				7B5AA2442B160AAA0052237D /* SourceSans3-Black.ttf in Resources */,
				7B5AA2452B160AAA0052237D /* SourceSans3-Medium.ttf in Resources */,
				7B5AA23D2B160AAA0052237D /* SourceSans3-Light.ttf in Resources */,
				7B5AA2422B160AAA0052237D /* SourceSans3-Italic.ttf in Resources */,
				7B5AA23E2B160AAA0052237D /* SourceSans3-SemiBoldItalic.ttf in Resources */,
			);
			runOnlyForDeploymentPostprocessing = 0;
		};
/* End PBXResourcesBuildPhase section */

/* Begin PBXSourcesBuildPhase section */
		7B5AA1FF2B15FBF80052237D /* Sources */ = {
			isa = PBXSourcesBuildPhase;
			buildActionMask = 2147483647;
			files = (
				7B5AA27E2B17B47F0052237D /* UIStackView + Extensions.swift in Sources */,
				7B5AA27C2B17B4280052237D /* UIView + Extensions.swift in Sources */,
				84936BC92B191A0C0028BDF7 /* InformationViewController.swift in Sources */,
				84936BBF2B18F2A40028BDF7 /* LanguageViewController.swift in Sources */,
				7B5AA2772B167FD60052237D /* UserInfoView.swift in Sources */,
				7B5AA20B2B15FBF80052237D /* HomeViewController.swift in Sources */,
				8407C9522B17139200808DA4 /* SettingsViewController.swift in Sources */,
				7B5AA21E2B15FDF20052237D /* TabBarController.swift in Sources */,
				84598F662B1D09CE0062A64E /* HomePresenter.swift in Sources */,
				84936BC72B1919F30028BDF7 /* AppSettingsViewController.swift in Sources */,
				7B5AA2822B18DF300052237D /* ImageCollectionViewCell.swift in Sources */,
				7B5AA2282B1607830052237D /* UIColor + Extensions.swift in Sources */,
				8407C95D2B17BA8900808DA4 /* SettingsViewsContent.swift in Sources */,
				84598F6A2B1D0AD10062A64E /* Builders.swift in Sources */,
				84598F712B1D2D5A0062A64E /* GenreCell.swift in Sources */,
				8407C9592B172ABD00808DA4 /* SettingsOptionsTableCell.swift in Sources */,
				84936BC52B1919DF0028BDF7 /* HelpViewController.swift in Sources */,
				7B5AA22A2B1609EE0052237D /* UIFont + Extensions.swift in Sources */,
				84598F6D2B1D218C0062A64E /* TextFieldWithPadding.swift in Sources */,
				7B5AA2202B1600AB0052237D /* ProfileViewController.swift in Sources */,
				7BB651CF2B1CE1A6003DB863 /* ProfilePresenter.swift in Sources */,
				7B5AA2072B15FBF80052237D /* AppDelegate.swift in Sources */,
				8407C95B2B17395B00808DA4 /* SettingsProfileTableCell.swift in Sources */,
				84936BCC2B191A5A0028BDF7 /* NotificationsViewController.swift in Sources */,
				7B5AA2092B15FBF80052237D /* SceneDelegate.swift in Sources */,
				84936BBB2B18DEB90028BDF7 /* SettingsPresenter.swift in Sources */,
				7BB651CA2B1CDB3C003DB863 /* Icons.swift in Sources */,
			);
			runOnlyForDeploymentPostprocessing = 0;
		};
/* End PBXSourcesBuildPhase section */

/* Begin PBXVariantGroup section */
		7B5AA2112B15FBF90052237D /* LaunchScreen.storyboard */ = {
			isa = PBXVariantGroup;
			children = (
				7B5AA2122B15FBF90052237D /* Base */,
			);
			name = LaunchScreen.storyboard;
			sourceTree = "<group>";
		};
/* End PBXVariantGroup section */

/* Begin XCBuildConfiguration section */
		7B5AA2152B15FBF90052237D /* Debug */ = {
			isa = XCBuildConfiguration;
			buildSettings = {
				ALWAYS_SEARCH_USER_PATHS = NO;
				ASSETCATALOG_COMPILER_GENERATE_SWIFT_ASSET_SYMBOL_EXTENSIONS = YES;
				CLANG_ANALYZER_NONNULL = YES;
				CLANG_ANALYZER_NUMBER_OBJECT_CONVERSION = YES_AGGRESSIVE;
				CLANG_CXX_LANGUAGE_STANDARD = "gnu++20";
				CLANG_ENABLE_MODULES = YES;
				CLANG_ENABLE_OBJC_ARC = YES;
				CLANG_ENABLE_OBJC_WEAK = YES;
				CLANG_WARN_BLOCK_CAPTURE_AUTORELEASING = YES;
				CLANG_WARN_BOOL_CONVERSION = YES;
				CLANG_WARN_COMMA = YES;
				CLANG_WARN_CONSTANT_CONVERSION = YES;
				CLANG_WARN_DEPRECATED_OBJC_IMPLEMENTATIONS = YES;
				CLANG_WARN_DIRECT_OBJC_ISA_USAGE = YES_ERROR;
				CLANG_WARN_DOCUMENTATION_COMMENTS = YES;
				CLANG_WARN_EMPTY_BODY = YES;
				CLANG_WARN_ENUM_CONVERSION = YES;
				CLANG_WARN_INFINITE_RECURSION = YES;
				CLANG_WARN_INT_CONVERSION = YES;
				CLANG_WARN_NON_LITERAL_NULL_CONVERSION = YES;
				CLANG_WARN_OBJC_IMPLICIT_RETAIN_SELF = YES;
				CLANG_WARN_OBJC_LITERAL_CONVERSION = YES;
				CLANG_WARN_OBJC_ROOT_CLASS = YES_ERROR;
				CLANG_WARN_QUOTED_INCLUDE_IN_FRAMEWORK_HEADER = YES;
				CLANG_WARN_RANGE_LOOP_ANALYSIS = YES;
				CLANG_WARN_STRICT_PROTOTYPES = YES;
				CLANG_WARN_SUSPICIOUS_MOVE = YES;
				CLANG_WARN_UNGUARDED_AVAILABILITY = YES_AGGRESSIVE;
				CLANG_WARN_UNREACHABLE_CODE = YES;
				CLANG_WARN__DUPLICATE_METHOD_MATCH = YES;
				COPY_PHASE_STRIP = NO;
				DEBUG_INFORMATION_FORMAT = dwarf;
				ENABLE_STRICT_OBJC_MSGSEND = YES;
				ENABLE_TESTABILITY = YES;
				ENABLE_USER_SCRIPT_SANDBOXING = YES;
				GCC_C_LANGUAGE_STANDARD = gnu17;
				GCC_DYNAMIC_NO_PIC = NO;
				GCC_NO_COMMON_BLOCKS = YES;
				GCC_OPTIMIZATION_LEVEL = 0;
				GCC_PREPROCESSOR_DEFINITIONS = (
					"DEBUG=1",
					"$(inherited)",
				);
				GCC_WARN_64_TO_32_BIT_CONVERSION = YES;
				GCC_WARN_ABOUT_RETURN_TYPE = YES_ERROR;
				GCC_WARN_UNDECLARED_SELECTOR = YES;
				GCC_WARN_UNINITIALIZED_AUTOS = YES_AGGRESSIVE;
				GCC_WARN_UNUSED_FUNCTION = YES;
				GCC_WARN_UNUSED_VARIABLE = YES;
				IPHONEOS_DEPLOYMENT_TARGET = 17.0;
				LOCALIZATION_PREFERS_STRING_CATALOGS = YES;
				MTL_ENABLE_DEBUG_INFO = INCLUDE_SOURCE;
				MTL_FAST_MATH = YES;
				ONLY_ACTIVE_ARCH = YES;
				SDKROOT = iphoneos;
				SWIFT_ACTIVE_COMPILATION_CONDITIONS = "DEBUG $(inherited)";
				SWIFT_OPTIMIZATION_LEVEL = "-Onone";
			};
			name = Debug;
		};
		7B5AA2162B15FBF90052237D /* Release */ = {
			isa = XCBuildConfiguration;
			buildSettings = {
				ALWAYS_SEARCH_USER_PATHS = NO;
				ASSETCATALOG_COMPILER_GENERATE_SWIFT_ASSET_SYMBOL_EXTENSIONS = YES;
				CLANG_ANALYZER_NONNULL = YES;
				CLANG_ANALYZER_NUMBER_OBJECT_CONVERSION = YES_AGGRESSIVE;
				CLANG_CXX_LANGUAGE_STANDARD = "gnu++20";
				CLANG_ENABLE_MODULES = YES;
				CLANG_ENABLE_OBJC_ARC = YES;
				CLANG_ENABLE_OBJC_WEAK = YES;
				CLANG_WARN_BLOCK_CAPTURE_AUTORELEASING = YES;
				CLANG_WARN_BOOL_CONVERSION = YES;
				CLANG_WARN_COMMA = YES;
				CLANG_WARN_CONSTANT_CONVERSION = YES;
				CLANG_WARN_DEPRECATED_OBJC_IMPLEMENTATIONS = YES;
				CLANG_WARN_DIRECT_OBJC_ISA_USAGE = YES_ERROR;
				CLANG_WARN_DOCUMENTATION_COMMENTS = YES;
				CLANG_WARN_EMPTY_BODY = YES;
				CLANG_WARN_ENUM_CONVERSION = YES;
				CLANG_WARN_INFINITE_RECURSION = YES;
				CLANG_WARN_INT_CONVERSION = YES;
				CLANG_WARN_NON_LITERAL_NULL_CONVERSION = YES;
				CLANG_WARN_OBJC_IMPLICIT_RETAIN_SELF = YES;
				CLANG_WARN_OBJC_LITERAL_CONVERSION = YES;
				CLANG_WARN_OBJC_ROOT_CLASS = YES_ERROR;
				CLANG_WARN_QUOTED_INCLUDE_IN_FRAMEWORK_HEADER = YES;
				CLANG_WARN_RANGE_LOOP_ANALYSIS = YES;
				CLANG_WARN_STRICT_PROTOTYPES = YES;
				CLANG_WARN_SUSPICIOUS_MOVE = YES;
				CLANG_WARN_UNGUARDED_AVAILABILITY = YES_AGGRESSIVE;
				CLANG_WARN_UNREACHABLE_CODE = YES;
				CLANG_WARN__DUPLICATE_METHOD_MATCH = YES;
				COPY_PHASE_STRIP = NO;
				DEBUG_INFORMATION_FORMAT = "dwarf-with-dsym";
				ENABLE_NS_ASSERTIONS = NO;
				ENABLE_STRICT_OBJC_MSGSEND = YES;
				ENABLE_USER_SCRIPT_SANDBOXING = YES;
				GCC_C_LANGUAGE_STANDARD = gnu17;
				GCC_NO_COMMON_BLOCKS = YES;
				GCC_WARN_64_TO_32_BIT_CONVERSION = YES;
				GCC_WARN_ABOUT_RETURN_TYPE = YES_ERROR;
				GCC_WARN_UNDECLARED_SELECTOR = YES;
				GCC_WARN_UNINITIALIZED_AUTOS = YES_AGGRESSIVE;
				GCC_WARN_UNUSED_FUNCTION = YES;
				GCC_WARN_UNUSED_VARIABLE = YES;
				IPHONEOS_DEPLOYMENT_TARGET = 17.0;
				LOCALIZATION_PREFERS_STRING_CATALOGS = YES;
				MTL_ENABLE_DEBUG_INFO = NO;
				MTL_FAST_MATH = YES;
				SDKROOT = iphoneos;
				SWIFT_COMPILATION_MODE = wholemodule;
				VALIDATE_PRODUCT = YES;
			};
			name = Release;
		};
		7B5AA2182B15FBF90052237D /* Debug */ = {
			isa = XCBuildConfiguration;
			buildSettings = {
				ASSETCATALOG_COMPILER_APPICON_NAME = AppIcon;
				ASSETCATALOG_COMPILER_GLOBAL_ACCENT_COLOR_NAME = AccentColor;
				CODE_SIGN_STYLE = Automatic;
				CURRENT_PROJECT_VERSION = 1;
				GENERATE_INFOPLIST_FILE = YES;
				INFOPLIST_FILE = Twinky/Info.plist;
				INFOPLIST_KEY_UIApplicationSupportsIndirectInputEvents = YES;
				INFOPLIST_KEY_UILaunchStoryboardName = LaunchScreen;
				INFOPLIST_KEY_UISupportedInterfaceOrientations = "UIInterfaceOrientationLandscapeLeft UIInterfaceOrientationLandscapeRight UIInterfaceOrientationPortrait";
				INFOPLIST_KEY_UISupportedInterfaceOrientations_iPad = UIInterfaceOrientationPortrait;
				IPHONEOS_DEPLOYMENT_TARGET = 15.0;
				LD_RUNPATH_SEARCH_PATHS = (
					"$(inherited)",
					"@executable_path/Frameworks",
				);
				MARKETING_VERSION = 1.0;
				PRODUCT_BUNDLE_IDENTIFIER = iseedeadpeople.Twinky;
				PRODUCT_NAME = "$(TARGET_NAME)";
				SWIFT_EMIT_LOC_STRINGS = YES;
				SWIFT_VERSION = 5.0;
				TARGETED_DEVICE_FAMILY = "1,2";
			};
			name = Debug;
		};
		7B5AA2192B15FBF90052237D /* Release */ = {
			isa = XCBuildConfiguration;
			buildSettings = {
				ASSETCATALOG_COMPILER_APPICON_NAME = AppIcon;
				ASSETCATALOG_COMPILER_GLOBAL_ACCENT_COLOR_NAME = AccentColor;
				CODE_SIGN_STYLE = Automatic;
				CURRENT_PROJECT_VERSION = 1;
				GENERATE_INFOPLIST_FILE = YES;
				INFOPLIST_FILE = Twinky/Info.plist;
				INFOPLIST_KEY_UIApplicationSupportsIndirectInputEvents = YES;
				INFOPLIST_KEY_UILaunchStoryboardName = LaunchScreen;
				INFOPLIST_KEY_UISupportedInterfaceOrientations = "UIInterfaceOrientationLandscapeLeft UIInterfaceOrientationLandscapeRight UIInterfaceOrientationPortrait";
				INFOPLIST_KEY_UISupportedInterfaceOrientations_iPad = UIInterfaceOrientationPortrait;
				IPHONEOS_DEPLOYMENT_TARGET = 15.0;
				LD_RUNPATH_SEARCH_PATHS = (
					"$(inherited)",
					"@executable_path/Frameworks",
				);
				MARKETING_VERSION = 1.0;
				PRODUCT_BUNDLE_IDENTIFIER = iseedeadpeople.Twinky;
				PRODUCT_NAME = "$(TARGET_NAME)";
				SWIFT_EMIT_LOC_STRINGS = YES;
				SWIFT_VERSION = 5.0;
				TARGETED_DEVICE_FAMILY = "1,2";
			};
			name = Release;
		};
/* End XCBuildConfiguration section */

/* Begin XCConfigurationList section */
		7B5AA1FE2B15FBF80052237D /* Build configuration list for PBXProject "Twinky" */ = {
			isa = XCConfigurationList;
			buildConfigurations = (
				7B5AA2152B15FBF90052237D /* Debug */,
				7B5AA2162B15FBF90052237D /* Release */,
			);
			defaultConfigurationIsVisible = 0;
			defaultConfigurationName = Release;
		};
		7B5AA2172B15FBF90052237D /* Build configuration list for PBXNativeTarget "Twinky" */ = {
			isa = XCConfigurationList;
			buildConfigurations = (
				7B5AA2182B15FBF90052237D /* Debug */,
				7B5AA2192B15FBF90052237D /* Release */,
			);
			defaultConfigurationIsVisible = 0;
			defaultConfigurationName = Release;
		};
/* End XCConfigurationList section */

/* Begin XCRemoteSwiftPackageReference section */
		8407C9532B1716A100808DA4 /* XCRemoteSwiftPackageReference "SnapKit" */ = {
			isa = XCRemoteSwiftPackageReference;
			repositoryURL = "https://github.com/SnapKit/SnapKit";
			requirement = {
				kind = upToNextMajorVersion;
				minimumVersion = 5.6.0;
			};
		};
/* End XCRemoteSwiftPackageReference section */

/* Begin XCSwiftPackageProductDependency section */
		8407C9542B1716A100808DA4 /* SnapKit */ = {
			isa = XCSwiftPackageProductDependency;
			package = 8407C9532B1716A100808DA4 /* XCRemoteSwiftPackageReference "SnapKit" */;
			productName = SnapKit;
		};
		8407C9562B1716A100808DA4 /* SnapKit-Dynamic */ = {
			isa = XCSwiftPackageProductDependency;
			package = 8407C9532B1716A100808DA4 /* XCRemoteSwiftPackageReference "SnapKit" */;
			productName = "SnapKit-Dynamic";
		};
/* End XCSwiftPackageProductDependency section */
	};
	rootObject = 7B5AA1FB2B15FBF80052237D /* Project object */;
}
